
Microsoft Visual Studio Solution File, Format Version 12.00
# Visual Studio 15
VisualStudioVersion = 15.0.26730.3
MinimumVisualStudioVersion = 10.0.40219.1
Project("{9A19103F-16F7-4668-BE54-9A1E7A4F7556}") = "Nancy.Authentication.JwtBearer", "src\Nancy.Authentication.JwtBearer\Nancy.Authentication.JwtBearer.csproj", "{5C24F042-5081-44CA-A302-56A2EB823A9E}"
EndProject
Project("{2150E333-8FDC-42A3-9474-1A3956D46DE8}") = "src", "src", "{4770666C-6703-4F3A-A1D9-628571C2903B}"
EndProject
Project("{2150E333-8FDC-42A3-9474-1A3956D46DE8}") = "sample", "sample", "{7E0EDDEB-494E-4EB2-BBBC-E85E0521FFCC}"
EndProject
Project("{9A19103F-16F7-4668-BE54-9A1E7A4F7556}") = "Nancy.Demo.Authentication.JwtBearer", "sample\Nancy.Demo.Authentication.JwtBearer\Nancy.Demo.Authentication.JwtBearer.csproj", "{FB121ED0-6AFA-4D36-B205-351E10DB7D5A}"
EndProject
Project("{9A19103F-16F7-4668-BE54-9A1E7A4F7556}") = "Nancy.Demo.Authentication.JwtBearer.AuthorizedServer", "sample\Nancy.Demo.Authentication.JwtBearer.AuthorizedServer\Nancy.Demo.Authentication.JwtBearer.AuthorizedServer.csproj", "{5668EC82-F842-46EC-AB04-032B7DB807FE}"
EndProject
Project("{FAE04EC0-301F-11D3-BF4B-00C04F79EFBC}") = "Nancy.Demo.Authentication.JwtBearer.Client", "sample\Nancy.Demo.Authentication.JwtBearer.Client\Nancy.Demo.Authentication.JwtBearer.Client.csproj", "{46098D6E-6556-485D-BD58-B51B83E0C1EA}"
EndProject
Project("{2150E333-8FDC-42A3-9474-1A3956D46DE8}") = "test", "test", "{B8271B61-1C8A-4CEE-9D03-A39BDD62C7DB}"
EndProject
Project("{FAE04EC0-301F-11D3-BF4B-00C04F79EFBC}") = "Nancy.Authentication.JwtBearer.Test", "test\Nancy.Authentication.JwtBearer.Test\Nancy.Authentication.JwtBearer.Test.csproj", "{86BE25FF-0217-4951-9396-BA1D229EA95B}"
EndProject
Global
	GlobalSection(SolutionConfigurationPlatforms) = preSolution
		Debug|Any CPU = Debug|Any CPU
		Release|Any CPU = Release|Any CPU
	EndGlobalSection
	GlobalSection(ProjectConfigurationPlatforms) = postSolution
		{5C24F042-5081-44CA-A302-56A2EB823A9E}.Debug|Any CPU.ActiveCfg = Debug|Any CPU
		{5C24F042-5081-44CA-A302-56A2EB823A9E}.Debug|Any CPU.Build.0 = Debug|Any CPU
		{5C24F042-5081-44CA-A302-56A2EB823A9E}.Release|Any CPU.ActiveCfg = Release|Any CPU
		{5C24F042-5081-44CA-A302-56A2EB823A9E}.Release|Any CPU.Build.0 = Release|Any CPU
		{FB121ED0-6AFA-4D36-B205-351E10DB7D5A}.Debug|Any CPU.ActiveCfg = Debug|Any CPU
		{FB121ED0-6AFA-4D36-B205-351E10DB7D5A}.Debug|Any CPU.Build.0 = Debug|Any CPU
		{FB121ED0-6AFA-4D36-B205-351E10DB7D5A}.Release|Any CPU.ActiveCfg = Release|Any CPU
		{FB121ED0-6AFA-4D36-B205-351E10DB7D5A}.Release|Any CPU.Build.0 = Release|Any CPU
		{5668EC82-F842-46EC-AB04-032B7DB807FE}.Debug|Any CPU.ActiveCfg = Debug|Any CPU
		{5668EC82-F842-46EC-AB04-032B7DB807FE}.Debug|Any CPU.Build.0 = Debug|Any CPU
		{5668EC82-F842-46EC-AB04-032B7DB807FE}.Release|Any CPU.ActiveCfg = Release|Any CPU
		{5668EC82-F842-46EC-AB04-032B7DB807FE}.Release|Any CPU.Build.0 = Release|Any CPU
		{46098D6E-6556-485D-BD58-B51B83E0C1EA}.Debug|Any CPU.ActiveCfg = Debug|Any CPU
		{46098D6E-6556-485D-BD58-B51B83E0C1EA}.Debug|Any CPU.Build.0 = Debug|Any CPU
		{46098D6E-6556-485D-BD58-B51B83E0C1EA}.Release|Any CPU.ActiveCfg = Release|Any CPU
		{46098D6E-6556-485D-BD58-B51B83E0C1EA}.Release|Any CPU.Build.0 = Release|Any CPU
		{86BE25FF-0217-4951-9396-BA1D229EA95B}.Debug|Any CPU.ActiveCfg = Debug|Any CPU
		{86BE25FF-0217-4951-9396-BA1D229EA95B}.Debug|Any CPU.Build.0 = Debug|Any CPU
		{86BE25FF-0217-4951-9396-BA1D229EA95B}.Release|Any CPU.ActiveCfg = Release|Any CPU
		{86BE25FF-0217-4951-9396-BA1D229EA95B}.Release|Any CPU.Build.0 = Release|Any CPU
	EndGlobalSection
	GlobalSection(SolutionProperties) = preSolution
		HideSolutionNode = FALSE
	EndGlobalSection
	GlobalSection(NestedProjects) = preSolution
		{5C24F042-5081-44CA-A302-56A2EB823A9E} = {4770666C-6703-4F3A-A1D9-628571C2903B}
		{FB121ED0-6AFA-4D36-B205-351E10DB7D5A} = {7E0EDDEB-494E-4EB2-BBBC-E85E0521FFCC}
		{5668EC82-F842-46EC-AB04-032B7DB807FE} = {7E0EDDEB-494E-4EB2-BBBC-E85E0521FFCC}
		{46098D6E-6556-485D-BD58-B51B83E0C1EA} = {7E0EDDEB-494E-4EB2-BBBC-E85E0521FFCC}
		{86BE25FF-0217-4951-9396-BA1D229EA95B} = {B8271B61-1C8A-4CEE-9D03-A39BDD62C7DB}
	EndGlobalSection
	GlobalSection(ExtensibilityGlobals) = postSolution
		SolutionGuid = {572285DA-C92D-4452-91C4-F5DDDA66B7B3}
	EndGlobalSection
EndGlobal
